# This file is automatically @generated by Wally.
# It is not intended for manual editing.
registry = "test"

[[package]]
name = "cloud-entertainment/cryo"
version = "0.1.0"
dependencies = []

[[package]]
name = "cloud-entertainment/hierarchy"
version = "0.1.2"
dependencies = []

[[package]]
name = "cloud-entertainment/rodux"
version = "4.0.1-rc.0"
dependencies = [["Cryo", "cloud-entertainment/cryo@0.1.0"], ["Hierarchy", "cloud-entertainment/hierarchy@0.1.2"]]

[[package]]
name = "roblox/testez"
version = "0.4.1"
dependencies = []
